
Microsoft Visual Studio Solution File, Format Version 12.00
# Visual Studio 15
VisualStudioVersion = 15.0.28307.1022
MinimumVisualStudioVersion = 10.0.40219.1
Project("{8BC9CEB8-8B4A-11D0-8D11-00A0C91BC942}") = "Q104", "Q104\Q104.vcxproj", "{309D3604-7080-447C-A8BF-06FCF612797C}"
EndProject
Project("{8BC9CEB8-8B4A-11D0-8D11-00A0C91BC942}") = "Q105", "Q105\Q105.vcxproj", "{8B19BA60-9F1D-4854-89BE-4277EB4B319A}"
EndProject
Project("{8BC9CEB8-8B4A-11D0-8D11-00A0C91BC942}") = "Q106", "Q106\Q106.vcxproj", "{096614C9-CB4F-4B67-B9EF-6B519BE762AC}"
EndProject
Project("{8BC9CEB8-8B4A-11D0-8D11-00A0C91BC942}") = "Q107", "Q107\Q107.vcxproj", "{9362469C-B57B-4C91-9E53-FD6E3AFB7B95}"
EndProject
Project("{8BC9CEB8-8B4A-11D0-8D11-00A0C91BC942}") = "Q108", "Q108\Q108.vcxproj", "{5D20BA0B-38AE-4B78-B9CE-73E3CE0BDF77}"
EndProject
Project("{8BC9CEB8-8B4A-11D0-8D11-00A0C91BC942}") = "Q109", "Q109\Q109.vcxproj", "{003F843C-2F2C-42DE-BF9D-FC6D3E954476}"
EndProject
Project("{8BC9CEB8-8B4A-11D0-8D11-00A0C91BC942}") = "Q110", "Q110\Q110.vcxproj", "{F91A8C8C-77B8-44A6-8865-017276806169}"
EndProject
Project("{8BC9CEB8-8B4A-11D0-8D11-00A0C91BC942}") = "Q111", "Q111\Q111.vcxproj", "{9C583A01-2C0F-4536-A5BA-0BC8FA85BDA6}"
EndProject
Project("{8BC9CEB8-8B4A-11D0-8D11-00A0C91BC942}") = "Q112", "Q112\Q112.vcxproj", "{2C6CF462-5CDD-45BE-92D3-4BBB5F355F35}"
EndProject
Project("{8BC9CEB8-8B4A-11D0-8D11-00A0C91BC942}") = "Q113", "Q113\Q113.vcxproj", "{37E9B5AC-FB1A-42B6-B8A7-D5F1DEBEF305}"
EndProject
Global
	GlobalSection(SolutionConfigurationPlatforms) = preSolution
		Debug|x64 = Debug|x64
		Debug|x86 = Debug|x86
		Release|x64 = Release|x64
		Release|x86 = Release|x86
	EndGlobalSection
	GlobalSection(ProjectConfigurationPlatforms) = postSolution
		{309D3604-7080-447C-A8BF-06FCF612797C}.Debug|x64.ActiveCfg = Debug|x64
		{309D3604-7080-447C-A8BF-06FCF612797C}.Debug|x64.Build.0 = Debug|x64
		{309D3604-7080-447C-A8BF-06FCF612797C}.Debug|x86.ActiveCfg = Debug|Win32
		{309D3604-7080-447C-A8BF-06FCF612797C}.Debug|x86.Build.0 = Debug|Win32
		{309D3604-7080-447C-A8BF-06FCF612797C}.Release|x64.ActiveCfg = Release|x64
		{309D3604-7080-447C-A8BF-06FCF612797C}.Release|x64.Build.0 = Release|x64
		{309D3604-7080-447C-A8BF-06FCF612797C}.Release|x86.ActiveCfg = Release|Win32
		{309D3604-7080-447C-A8BF-06FCF612797C}.Release|x86.Build.0 = Release|Win32
		{8B19BA60-9F1D-4854-89BE-4277EB4B319A}.Debug|x64.ActiveCfg = Debug|x64
		{8B19BA60-9F1D-4854-89BE-4277EB4B319A}.Debug|x64.Build.0 = Debug|x64
		{8B19BA60-9F1D-4854-89BE-4277EB4B319A}.Debug|x86.ActiveCfg = Debug|Win32
		{8B19BA60-9F1D-4854-89BE-4277EB4B319A}.Debug|x86.Build.0 = Debug|Win32
		{8B19BA60-9F1D-4854-89BE-4277EB4B319A}.Release|x64.ActiveCfg = Release|x64
		{8B19BA60-9F1D-4854-89BE-4277EB4B319A}.Release|x64.Build.0 = Release|x64
		{8B19BA60-9F1D-4854-89BE-4277EB4B319A}.Release|x86.ActiveCfg = Release|Win32
		{8B19BA60-9F1D-4854-89BE-4277EB4B319A}.Release|x86.Build.0 = Release|Win32
		{096614C9-CB4F-4B67-B9EF-6B519BE762AC}.Debug|x64.ActiveCfg = Debug|x64
		{096614C9-CB4F-4B67-B9EF-6B519BE762AC}.Debug|x64.Build.0 = Debug|x64
		{096614C9-CB4F-4B67-B9EF-6B519BE762AC}.Debug|x86.ActiveCfg = Debug|Win32
		{096614C9-CB4F-4B67-B9EF-6B519BE762AC}.Debug|x86.Build.0 = Debug|Win32
		{096614C9-CB4F-4B67-B9EF-6B519BE762AC}.Release|x64.ActiveCfg = Release|x64
		{096614C9-CB4F-4B67-B9EF-6B519BE762AC}.Release|x64.Build.0 = Release|x64
		{096614C9-CB4F-4B67-B9EF-6B519BE762AC}.Release|x86.ActiveCfg = Release|Win32
		{096614C9-CB4F-4B67-B9EF-6B519BE762AC}.Release|x86.Build.0 = Release|Win32
		{9362469C-B57B-4C91-9E53-FD6E3AFB7B95}.Debug|x64.ActiveCfg = Debug|x64
		{9362469C-B57B-4C91-9E53-FD6E3AFB7B95}.Debug|x64.Build.0 = Debug|x64
		{9362469C-B57B-4C91-9E53-FD6E3AFB7B95}.Debug|x86.ActiveCfg = Debug|Win32
		{9362469C-B57B-4C91-9E53-FD6E3AFB7B95}.Debug|x86.Build.0 = Debug|Win32
		{9362469C-B57B-4C91-9E53-FD6E3AFB7B95}.Release|x64.ActiveCfg = Release|x64
		{9362469C-B57B-4C91-9E53-FD6E3AFB7B95}.Release|x64.Build.0 = Release|x64
		{9362469C-B57B-4C91-9E53-FD6E3AFB7B95}.Release|x86.ActiveCfg = Release|Win32
		{9362469C-B57B-4C91-9E53-FD6E3AFB7B95}.Release|x86.Build.0 = Release|Win32
		{5D20BA0B-38AE-4B78-B9CE-73E3CE0BDF77}.Debug|x64.ActiveCfg = Debug|x64
		{5D20BA0B-38AE-4B78-B9CE-73E3CE0BDF77}.Debug|x64.Build.0 = Debug|x64
		{5D20BA0B-38AE-4B78-B9CE-73E3CE0BDF77}.Debug|x86.ActiveCfg = Debug|Win32
		{5D20BA0B-38AE-4B78-B9CE-73E3CE0BDF77}.Debug|x86.Build.0 = Debug|Win32
		{5D20BA0B-38AE-4B78-B9CE-73E3CE0BDF77}.Release|x64.ActiveCfg = Release|x64
		{5D20BA0B-38AE-4B78-B9CE-73E3CE0BDF77}.Release|x64.Build.0 = Release|x64
		{5D20BA0B-38AE-4B78-B9CE-73E3CE0BDF77}.Release|x86.ActiveCfg = Release|Win32
		{5D20BA0B-38AE-4B78-B9CE-73E3CE0BDF77}.Release|x86.Build.0 = Release|Win32
		{003F843C-2F2C-42DE-BF9D-FC6D3E954476}.Debug|x64.ActiveCfg = Debug|x64
		{003F843C-2F2C-42DE-BF9D-FC6D3E954476}.Debug|x64.Build.0 = Debug|x64
		{003F843C-2F2C-42DE-BF9D-FC6D3E954476}.Debug|x86.ActiveCfg = Debug|Win32
		{003F843C-2F2C-42DE-BF9D-FC6D3E954476}.Debug|x86.Build.0 = Debug|Win32
		{003F843C-2F2C-42DE-BF9D-FC6D3E954476}.Release|x64.ActiveCfg = Release|x64
		{003F843C-2F2C-42DE-BF9D-FC6D3E954476}.Release|x64.Build.0 = Release|x64
		{003F843C-2F2C-42DE-BF9D-FC6D3E954476}.Release|x86.ActiveCfg = Release|Win32
		{003F843C-2F2C-42DE-BF9D-FC6D3E954476}.Release|x86.Build.0 = Release|Win32
		{F91A8C8C-77B8-44A6-8865-017276806169}.Debug|x64.ActiveCfg = Debug|x64
		{F91A8C8C-77B8-44A6-8865-017276806169}.Debug|x64.Build.0 = Debug|x64
		{F91A8C8C-77B8-44A6-8865-017276806169}.Debug|x86.ActiveCfg = Debug|Win32
		{F91A8C8C-77B8-44A6-8865-017276806169}.Debug|x86.Build.0 = Debug|Win32
		{F91A8C8C-77B8-44A6-8865-017276806169}.Release|x64.ActiveCfg = Release|x64
		{F91A8C8C-77B8-44A6-8865-017276806169}.Release|x64.Build.0 = Release|x64
		{F91A8C8C-77B8-44A6-8865-017276806169}.Release|x86.ActiveCfg = Release|Win32
		{F91A8C8C-77B8-44A6-8865-017276806169}.Release|x86.Build.0 = Release|Win32
		{9C583A01-2C0F-4536-A5BA-0BC8FA85BDA6}.Debug|x64.ActiveCfg = Debug|x64
		{9C583A01-2C0F-4536-A5BA-0BC8FA85BDA6}.Debug|x64.Build.0 = Debug|x64
		{9C583A01-2C0F-4536-A5BA-0BC8FA85BDA6}.Debug|x86.ActiveCfg = Debug|Win32
		{9C583A01-2C0F-4536-A5BA-0BC8FA85BDA6}.Debug|x86.Build.0 = Debug|Win32
		{9C583A01-2C0F-4536-A5BA-0BC8FA85BDA6}.Release|x64.ActiveCfg = Release|x64
		{9C583A01-2C0F-4536-A5BA-0BC8FA85BDA6}.Release|x64.Build.0 = Release|x64
		{9C583A01-2C0F-4536-A5BA-0BC8FA85BDA6}.Release|x86.ActiveCfg = Release|Win32
		{9C583A01-2C0F-4536-A5BA-0BC8FA85BDA6}.Release|x86.Build.0 = Release|Win32
		{2C6CF462-5CDD-45BE-92D3-4BBB5F355F35}.Debug|x64.ActiveCfg = Debug|x64
		{2C6CF462-5CDD-45BE-92D3-4BBB5F355F35}.Debug|x64.Build.0 = Debug|x64
		{2C6CF462-5CDD-45BE-92D3-4BBB5F355F35}.Debug|x86.ActiveCfg = Debug|Win32
		{2C6CF462-5CDD-45BE-92D3-4BBB5F355F35}.Debug|x86.Build.0 = Debug|Win32
		{2C6CF462-5CDD-45BE-92D3-4BBB5F355F35}.Release|x64.ActiveCfg = Release|x64
		{2C6CF462-5CDD-45BE-92D3-4BBB5F355F35}.Release|x64.Build.0 = Release|x64
		{2C6CF462-5CDD-45BE-92D3-4BBB5F355F35}.Release|x86.ActiveCfg = Release|Win32
		{2C6CF462-5CDD-45BE-92D3-4BBB5F355F35}.Release|x86.Build.0 = Release|Win32
		{37E9B5AC-FB1A-42B6-B8A7-D5F1DEBEF305}.Debug|x64.ActiveCfg = Debug|x64
		{37E9B5AC-FB1A-42B6-B8A7-D5F1DEBEF305}.Debug|x64.Build.0 = Debug|x64
		{37E9B5AC-FB1A-42B6-B8A7-D5F1DEBEF305}.Debug|x86.ActiveCfg = Debug|Win32
		{37E9B5AC-FB1A-42B6-B8A7-D5F1DEBEF305}.Debug|x86.Build.0 = Debug|Win32
		{37E9B5AC-FB1A-42B6-B8A7-D5F1DEBEF305}.Release|x64.ActiveCfg = Release|x64
		{37E9B5AC-FB1A-42B6-B8A7-D5F1DEBEF305}.Release|x64.Build.0 = Release|x64
		{37E9B5AC-FB1A-42B6-B8A7-D5F1DEBEF305}.Release|x86.ActiveCfg = Release|Win32
		{37E9B5AC-FB1A-42B6-B8A7-D5F1DEBEF305}.Release|x86.Build.0 = Release|Win32
	EndGlobalSection
	GlobalSection(SolutionProperties) = preSolution
		HideSolutionNode = FALSE
	EndGlobalSection
	GlobalSection(ExtensibilityGlobals) = postSolution
		SolutionGuid = {E0637FE8-B6BD-46CB-B0C1-D4FEE7FA5895}
	EndGlobalSection
EndGlobal
